
Microsoft Visual Studio Solution File, Format Version 12.00
# Visual Studio Version 16
VisualStudioVersion = 16.0.31402.337
MinimumVisualStudioVersion = 10.0.40219.1
Project("{FAE04EC0-301F-11D3-BF4B-00C04F79EFBC}") = "TheFirm", "TheFirm\TheFirm.csproj", "{1BA294E3-C94C-4D06-85CC-273DACC96E8E}"
EndProject
Global
	GlobalSection(SolutionConfigurationPlatforms) = preSolution
		Debug|Any CPU = Debug|Any CPU
		Release|Any CPU = Release|Any CPU
	EndGlobalSection
	GlobalSection(ProjectConfigurationPlatforms) = postSolution
		{1BA294E3-C94C-4D06-85CC-273DACC96E8E}.Debug|Any CPU.ActiveCfg = Debug|Any CPU
		{1BA294E3-C94C-4D06-85CC-273DACC96E8E}.Debug|Any CPU.Build.0 = Debug|Any CPU
		{1BA294E3-C94C-4D06-85CC-273DACC96E8E}.Release|Any CPU.ActiveCfg = Release|Any CPU
		{1BA294E3-C94C-4D06-85CC-273DACC96E8E}.Release|Any CPU.Build.0 = Release|Any CPU
	EndGlobalSection
	GlobalSection(SolutionProperties) = preSolution
		HideSolutionNode = FALSE
	EndGlobalSection
	GlobalSection(ExtensibilityGlobals) = postSolution
		SolutionGuid = {8D038E9C-8B3A-4F66-AE81-16793C119088}
	EndGlobalSection
EndGlobal
